// !$*UTF8*$!
{
	archiveVersion = 1;
	classes = {
	};
	objectVersion = 46;
	objects = {

/* Begin PBXBuildFile section */
		2806BBBA1D47416D00682415 /* main.m in Sources */ = {isa = PBXBuildFile; fileRef = 2806BBB91D47416D00682415 /* main.m */; };
		2806BBBD1D47416D00682415 /* AppDelegate.m in Sources */ = {isa = PBXBuildFile; fileRef = 2806BBBC1D47416D00682415 /* AppDelegate.m */; };
		2806BBC01D47416D00682415 /* ViewController.m in Sources */ = {isa = PBXBuildFile; fileRef = 2806BBBF1D47416D00682415 /* ViewController.m */; };
		2806BBC31D47416D00682415 /* Main.storyboard in Resources */ = {isa = PBXBuildFile; fileRef = 2806BBC11D47416D00682415 /* Main.storyboard */; };
		2806BBC51D47416D00682415 /* Assets.xcassets in Resources */ = {isa = PBXBuildFile; fileRef = 2806BBC41D47416D00682415 /* Assets.xcassets */; };
		2806BBC81D47416D00682415 /* LaunchScreen.storyboard in Resources */ = {isa = PBXBuildFile; fileRef = 2806BBC61D47416D00682415 /* LaunchScreen.storyboard */; };
		2806BBD31D47416D00682415 /* ____Tests.m in Sources */ = {isa = PBXBuildFile; fileRef = 2806BBD21D47416D00682415 /* ____Tests.m */; };
		2806BBDE1D47416D00682415 /* ____UITests.m in Sources */ = {isa = PBXBuildFile; fileRef = 2806BBDD1D47416D00682415 /* ____UITests.m */; };
		2806BBEE1D4741B100682415 /* sweetArr.plist in Resources */ = {isa = PBXBuildFile; fileRef = 2806BBEB1D4741B100682415 /* sweetArr.plist */; };
		2806BBEF1D4741B100682415 /* AddressView.m in Sources */ = {isa = PBXBuildFile; fileRef = 2806BBED1D4741B100682415 /* AddressView.m */; };
/* End PBXBuildFile section */

/* Begin PBXContainerItemProxy section */
		2806BBCF1D47416D00682415 /* PBXContainerItemProxy */ = {
			isa = PBXContainerItemProxy;
			containerPortal = 2806BBAD1D47416D00682415 /* Project object */;
			proxyType = 1;
			remoteGlobalIDString = 2806BBB41D47416D00682415;
			remoteInfo = "地址选择";
		};
		2806BBDA1D47416D00682415 /* PBXContainerItemProxy */ = {
			isa = PBXContainerItemProxy;
			containerPortal = 2806BBAD1D47416D00682415 /* Project object */;
			proxyType = 1;
			remoteGlobalIDString = 2806BBB41D47416D00682415;
			remoteInfo = "地址选择";
		};
/* End PBXContainerItemProxy section */

/* Begin PBXFileReference section */
		2806BBB51D47416D00682415 /* 地址选择.app */ = {isa = PBXFileReference; explicitFileType = wrapper.application; includeInIndex = 0; path = "地址选择.app"; sourceTree = BUILT_PRODUCTS_DIR; };
		2806BBB91D47416D00682415 /* main.m */ = {isa = PBXFileReference; lastKnownFileType = sourcecode.c.objc; path = main.m; sourceTree = "<group>"; };
		2806BBBB1D47416D00682415 /* AppDelegate.h */ = {isa = PBXFileReference; lastKnownFileType = sourcecode.c.h; path = AppDelegate.h; sourceTree = "<group>"; };
		2806BBBC1D47416D00682415 /* AppDelegate.m */ = {isa = PBXFileReference; lastKnownFileType = sourcecode.c.objc; path = AppDelegate.m; sourceTree = "<group>"; };
		2806BBBE1D47416D00682415 /* ViewController.h */ = {isa = PBXFileReference; lastKnownFileType = sourcecode.c.h; path = ViewController.h; sourceTree = "<group>"; };
		2806BBBF1D47416D00682415 /* ViewController.m */ = {isa = PBXFileReference; lastKnownFileType = sourcecode.c.objc; path = ViewController.m; sourceTree = "<group>"; };
		2806BBC21D47416D00682415 /* Base */ = {isa = PBXFileReference; lastKnownFileType = file.storyboard; name = Base; path = Base.lproj/Main.storyboard; sourceTree = "<group>"; };
		2806BBC41D47416D00682415 /* Assets.xcassets */ = {isa = PBXFileReference; lastKnownFileType = folder.assetcatalog; path = Assets.xcassets; sourceTree = "<group>"; };
		2806BBC71D47416D00682415 /* Base */ = {isa = PBXFileReference; lastKnownFileType = file.storyboard; name = Base; path = Base.lproj/LaunchScreen.storyboard; sourceTree = "<group>"; };
		2806BBC91D47416D00682415 /* Info.plist */ = {isa = PBXFileReference; lastKnownFileType = text.plist.xml; path = Info.plist; sourceTree = "<group>"; };
		2806BBCE1D47416D00682415 /* 地址选择Tests.xctest */ = {isa = PBXFileReference; explicitFileType = wrapper.cfbundle; includeInIndex = 0; path = "地址选择Tests.xctest"; sourceTree = BUILT_PRODUCTS_DIR; };
		2806BBD21D47416D00682415 /* ____Tests.m */ = {isa = PBXFileReference; lastKnownFileType = sourcecode.c.objc; path = "____Tests.m"; sourceTree = "<group>"; };
		2806BBD41D47416D00682415 /* Info.plist */ = {isa = PBXFileReference; lastKnownFileType = text.plist.xml; path = Info.plist; sourceTree = "<group>"; };
		2806BBD91D47416D00682415 /* 地址选择UITests.xctest */ = {isa = PBXFileReference; explicitFileType = wrapper.cfbundle; includeInIndex = 0; path = "地址选择UITests.xctest"; sourceTree = BUILT_PRODUCTS_DIR; };
		2806BBDD1D47416D00682415 /* ____UITests.m */ = {isa = PBXFileReference; lastKnownFileType = sourcecode.c.objc; path = "____UITests.m"; sourceTree = "<group>"; };
		2806BBDF1D47416D00682415 /* Info.plist */ = {isa = PBXFileReference; lastKnownFileType = text.plist.xml; path = Info.plist; sourceTree = "<group>"; };
		2806BBEB1D4741B100682415 /* sweetArr.plist */ = {isa = PBXFileReference; fileEncoding = 4; lastKnownFileType = text.plist.xml; path = sweetArr.plist; sourceTree = "<group>"; };
		2806BBEC1D4741B100682415 /* AddressView.h */ = {isa = PBXFileReference; fileEncoding = 4; lastKnownFileType = sourcecode.c.h; path = AddressView.h; sourceTree = "<group>"; };
		2806BBED1D4741B100682415 /* AddressView.m */ = {isa = PBXFileReference; fileEncoding = 4; lastKnownFileType = sourcecode.c.objc; path = AddressView.m; sourceTree = "<group>"; };
/* End PBXFileReference section */

/* Begin PBXFrameworksBuildPhase section */
		2806BBB21D47416D00682415 /* Frameworks */ = {
			isa = PBXFrameworksBuildPhase;
			buildActionMask = 2147483647;
			files = (
			);
			runOnlyForDeploymentPostprocessing = 0;
		};
		2806BBCB1D47416D00682415 /* Frameworks */ = {
			isa = PBXFrameworksBuildPhase;
			buildActionMask = 2147483647;
			files = (
			);
			runOnlyForDeploymentPostprocessing = 0;
		};
		2806BBD61D47416D00682415 /* Frameworks */ = {
			isa = PBXFrameworksBuildPhase;
			buildActionMask = 2147483647;
			files = (
			);
			runOnlyForDeploymentPostprocessing = 0;
		};
/* End PBXFrameworksBuildPhase section */

/* Begin PBXGroup section */
		2806BBAC1D47416D00682415 = {
			isa = PBXGroup;
			children = (
				2806BBB71D47416D00682415 /* 地址选择 */,
				2806BBD11D47416D00682415 /* 地址选择Tests */,
				2806BBDC1D47416D00682415 /* 地址选择UITests */,
				2806BBB61D47416D00682415 /* Products */,
			);
			sourceTree = "<group>";
		};
		2806BBB61D47416D00682415 /* Products */ = {
			isa = PBXGroup;
			children = (
				2806BBB51D47416D00682415 /* 地址选择.app */,
				2806BBCE1D47416D00682415 /* 地址选择Tests.xctest */,
				2806BBD91D47416D00682415 /* 地址选择UITests.xctest */,
			);
			name = Products;
			sourceTree = "<group>";
		};
		2806BBB71D47416D00682415 /* 地址选择 */ = {
			isa = PBXGroup;
			children = (
				2806BBBB1D47416D00682415 /* AppDelegate.h */,
				2806BBBC1D47416D00682415 /* AppDelegate.m */,
				2806BBBE1D47416D00682415 /* ViewController.h */,
				2806BBBF1D47416D00682415 /* ViewController.m */,
				2806BBF01D4741B800682415 /* 地址选择器 */,
				2806BBC11D47416D00682415 /* Main.storyboard */,
				2806BBC41D47416D00682415 /* Assets.xcassets */,
				2806BBC61D47416D00682415 /* LaunchScreen.storyboard */,
				2806BBC91D47416D00682415 /* Info.plist */,
				2806BBB81D47416D00682415 /* Supporting Files */,
			);
			path = "地址选择";
			sourceTree = "<group>";
		};
		2806BBB81D47416D00682415 /* Supporting Files */ = {
			isa = PBXGroup;
			children = (
				2806BBB91D47416D00682415 /* main.m */,
			);
			name = "Supporting Files";
			sourceTree = "<group>";
		};
		2806BBD11D47416D00682415 /* 地址选择Tests */ = {
			isa = PBXGroup;
			children = (
				2806BBD21D47416D00682415 /* ____Tests.m */,
				2806BBD41D47416D00682415 /* Info.plist */,
			);
			path = "地址选择Tests";
			sourceTree = "<group>";
		};
		2806BBDC1D47416D00682415 /* 地址选择UITests */ = {
			isa = PBXGroup;
			children = (
				2806BBDD1D47416D00682415 /* ____UITests.m */,
				2806BBDF1D47416D00682415 /* Info.plist */,
			);
			path = "地址选择UITests";
			sourceTree = "<group>";
		};
		2806BBF01D4741B800682415 /* 地址选择器 */ = {
			isa = PBXGroup;
			children = (
				2806BBEC1D4741B100682415 /* AddressView.h */,
				2806BBED1D4741B100682415 /* AddressView.m */,
				2806BBEB1D4741B100682415 /* sweetArr.plist */,
			);
			name = "地址选择器";
			sourceTree = "<group>";
		};
/* End PBXGroup section */

/* Begin PBXNativeTarget section */
		2806BBB41D47416D00682415 /* 地址选择 */ = {
			isa = PBXNativeTarget;
			buildConfigurationList = 2806BBE21D47416D00682415 /* Build configuration list for PBXNativeTarget "地址选择" */;
			buildPhases = (
				2806BBB11D47416D00682415 /* Sources */,
				2806BBB21D47416D00682415 /* Frameworks */,
				2806BBB31D47416D00682415 /* Resources */,
			);
			buildRules = (
			);
			dependencies = (
			);
			name = "地址选择";
			productName = "地址选择";
			productReference = 2806BBB51D47416D00682415 /* 地址选择.app */;
			productType = "com.apple.product-type.application";
		};
		2806BBCD1D47416D00682415 /* 地址选择Tests */ = {
			isa = PBXNativeTarget;
			buildConfigurationList = 2806BBE51D47416D00682415 /* Build configuration list for PBXNativeTarget "地址选择Tests" */;
			buildPhases = (
				2806BBCA1D47416D00682415 /* Sources */,
				2806BBCB1D47416D00682415 /* Frameworks */,
				2806BBCC1D47416D00682415 /* Resources */,
			);
			buildRules = (
			);
			dependencies = (
				2806BBD01D47416D00682415 /* PBXTargetDependency */,
			);
			name = "地址选择Tests";
			productName = "地址选择Tests";
			productReference = 2806BBCE1D47416D00682415 /* 地址选择Tests.xctest */;
			productType = "com.apple.product-type.bundle.unit-test";
		};
		2806BBD81D47416D00682415 /* 地址选择UITests */ = {
			isa = PBXNativeTarget;
			buildConfigurationList = 2806BBE81D47416D00682415 /* Build configuration list for PBXNativeTarget "地址选择UITests" */;
			buildPhases = (
				2806BBD51D47416D00682415 /* Sources */,
				2806BBD61D47416D00682415 /* Frameworks */,
				2806BBD71D47416D00682415 /* Resources */,
			);
			buildRules = (
			);
			dependencies = (
				2806BBDB1D47416D00682415 /* PBXTargetDependency */,
			);
			name = "地址选择UITests";
			productName = "地址选择UITests";
			productReference = 2806BBD91D47416D00682415 /* 地址选择UITests.xctest */;
			productType = "com.apple.product-type.bundle.ui-testing";
		};
/* End PBXNativeTarget section */

/* Begin PBXProject section */
		2806BBAD1D47416D00682415 /* Project object */ = {
			isa = PBXProject;
			attributes = {
				LastUpgradeCheck = 0730;
				ORGANIZATIONNAME = "冯剑锋";
				TargetAttributes = {
					2806BBB41D47416D00682415 = {
						CreatedOnToolsVersion = 7.3.1;
					};
					2806BBCD1D47416D00682415 = {
						CreatedOnToolsVersion = 7.3.1;
						TestTargetID = 2806BBB41D47416D00682415;
					};
					2806BBD81D47416D00682415 = {
						CreatedOnToolsVersion = 7.3.1;
						TestTargetID = 2806BBB41D47416D00682415;
					};
				};
			};
			buildConfigurationList = 2806BBB01D47416D00682415 /* Build configuration list for PBXProject "地址选择" */;
			compatibilityVersion = "Xcode 3.2";
			developmentRegion = English;
			hasScannedForEncodings = 0;
			knownRegions = (
				en,
				Base,
			);
			mainGroup = 2806BBAC1D47416D00682415;
			productRefGroup = 2806BBB61D47416D00682415 /* Products */;
			projectDirPath = "";
			projectRoot = "";
			targets = (
				2806BBB41D47416D00682415 /* 地址选择 */,
				2806BBCD1D47416D00682415 /* 地址选择Tests */,
				2806BBD81D47416D00682415 /* 地址选择UITests */,
			);
		};
/* End PBXProject section */

/* Begin PBXResourcesBuildPhase section */
		2806BBB31D47416D00682415 /* Resources */ = {
			isa = PBXResourcesBuildPhase;
			buildActionMask = 2147483647;
			files = (
				2806BBC81D47416D00682415 /* LaunchScreen.storyboard in Resources */,
				2806BBEE1D4741B100682415 /* sweetArr.plist in Resources */,
				2806BBC51D47416D00682415 /* Assets.xcassets in Resources */,
				2806BBC31D47416D00682415 /* Main.storyboard in Resources */,
			);
			runOnlyForDeploymentPostprocessing = 0;
		};
		2806BBCC1D47416D00682415 /* Resources */ = {
			isa = PBXResourcesBuildPhase;
			buildActionMask = 2147483647;
			files = (
			);
			runOnlyForDeploymentPostprocessing = 0;
		};
		2806BBD71D47416D00682415 /* Resources */ = {
			isa = PBXResourcesBuildPhase;
			buildActionMask = 2147483647;
			files = (
			);
			runOnlyForDeploymentPostprocessing = 0;
		};
/* End PBXResourcesBuildPhase section */

/* Begin PBXSourcesBuildPhase section */
		2806BBB11D47416D00682415 /* Sources */ = {
			isa = PBXSourcesBuildPhase;
			buildActionMask = 2147483647;
			files = (
				2806BBC01D47416D00682415 /* ViewController.m in Sources */,
				2806BBEF1D4741B100682415 /* AddressView.m in Sources */,
				2806BBBD1D47416D00682415 /* AppDelegate.m in Sources */,
				2806BBBA1D47416D00682415 /* main.m in Sources */,
			);
			runOnlyForDeploymentPostprocessing = 0;
		};
		2806BBCA1D47416D00682415 /* Sources */ = {
			isa = PBXSourcesBuildPhase;
			buildActionMask = 2147483647;
			files = (
				2806BBD31D47416D00682415 /* ____Tests.m in Sources */,
			);
			runOnlyForDeploymentPostprocessing = 0;
		};
		2806BBD51D47416D00682415 /* Sources */ = {
			isa = PBXSourcesBuildPhase;
			buildActionMask = 2147483647;
			files = (
				2806BBDE1D47416D00682415 /* ____UITests.m in Sources */,
			);
			runOnlyForDeploymentPostprocessing = 0;
		};
/* End PBXSourcesBuildPhase section */

/* Begin PBXTargetDependency section */
		2806BBD01D47416D00682415 /* PBXTargetDependency */ = {
			isa = PBXTargetDependency;
			target = 2806BBB41D47416D00682415 /* 地址选择 */;
			targetProxy = 2806BBCF1D47416D00682415 /* PBXContainerItemProxy */;
		};
		2806BBDB1D47416D00682415 /* PBXTargetDependency */ = {
			isa = PBXTargetDependency;
			target = 2806BBB41D47416D00682415 /* 地址选择 */;
			targetProxy = 2806BBDA1D47416D00682415 /* PBXContainerItemProxy */;
		};
/* End PBXTargetDependency section */

/* Begin PBXVariantGroup section */
		2806BBC11D47416D00682415 /* Main.storyboard */ = {
			isa = PBXVariantGroup;
			children = (
				2806BBC21D47416D00682415 /* Base */,
			);
			name = Main.storyboard;
			sourceTree = "<group>";
		};
		2806BBC61D47416D00682415 /* LaunchScreen.storyboard */ = {
			isa = PBXVariantGroup;
			children = (
				2806BBC71D47416D00682415 /* Base */,
			);
			name = LaunchScreen.storyboard;
			sourceTree = "<group>";
		};
/* End PBXVariantGroup section */

/* Begin XCBuildConfiguration section */
		2806BBE01D47416D00682415 /* Debug */ = {
			isa = XCBuildConfiguration;
			buildSettings = {
				ALWAYS_SEARCH_USER_PATHS = NO;
				CLANG_ANALYZER_NONNULL = YES;
				CLANG_CXX_LANGUAGE_STANDARD = "gnu++0x";
				CLANG_CXX_LIBRARY = "libc++";
				CLANG_ENABLE_MODULES = YES;
				CLANG_ENABLE_OBJC_ARC = YES;
				CLANG_WARN_BOOL_CONVERSION = YES;
				CLANG_WARN_CONSTANT_CONVERSION = YES;
				CLANG_WARN_DIRECT_OBJC_ISA_USAGE = YES_ERROR;
				CLANG_WARN_EMPTY_BODY = YES;
				CLANG_WARN_ENUM_CONVERSION = YES;
				CLANG_WARN_INT_CONVERSION = YES;
				CLANG_WARN_OBJC_ROOT_CLASS = YES_ERROR;
				CLANG_WARN_UNREACHABLE_CODE = YES;
				CLANG_WARN__DUPLICATE_METHOD_MATCH = YES;
				"CODE_SIGN_IDENTITY[sdk=iphoneos*]" = "iPhone Developer";
				COPY_PHASE_STRIP = NO;
				DEBUG_INFORMATION_FORMAT = dwarf;
				ENABLE_STRICT_OBJC_MSGSEND = YES;
				ENABLE_TESTABILITY = YES;
				GCC_C_LANGUAGE_STANDARD = gnu99;
				GCC_DYNAMIC_NO_PIC = NO;
				GCC_NO_COMMON_BLOCKS = YES;
				GCC_OPTIMIZATION_LEVEL = 0;
				GCC_PREPROCESSOR_DEFINITIONS = (
					"DEBUG=1",
					"$(inherited)",
				);
				GCC_WARN_64_TO_32_BIT_CONVERSION = YES;
				GCC_WARN_ABOUT_RETURN_TYPE = YES_ERROR;
				GCC_WARN_UNDECLARED_SELECTOR = YES;
				GCC_WARN_UNINITIALIZED_AUTOS = YES_AGGRESSIVE;
				GCC_WARN_UNUSED_FUNCTION = YES;
				GCC_WARN_UNUSED_VARIABLE = YES;
				IPHONEOS_DEPLOYMENT_TARGET = 9.3;
				MTL_ENABLE_DEBUG_INFO = YES;
				ONLY_ACTIVE_ARCH = YES;
				SDKROOT = iphoneos;
				TARGETED_DEVICE_FAMILY = "1,2";
			};
			name = Debug;
		};
		2806BBE11D47416D00682415 /* Release */ = {
			isa = XCBuildConfiguration;
			buildSettings = {
				ALWAYS_SEARCH_USER_PATHS = NO;
				CLANG_ANALYZER_NONNULL = YES;
				CLANG_CXX_LANGUAGE_STANDARD = "gnu++0x";
				CLANG_CXX_LIBRARY = "libc++";
				CLANG_ENABLE_MODULES = YES;
				CLANG_ENABLE_OBJC_ARC = YES;
				CLANG_WARN_BOOL_CONVERSION = YES;
				CLANG_WARN_CONSTANT_CONVERSION = YES;
				CLANG_WARN_DIRECT_OBJC_ISA_USAGE = YES_ERROR;
				CLANG_WARN_EMPTY_BODY = YES;
				CLANG_WARN_ENUM_CONVERSION = YES;
				CLANG_WARN_INT_CONVERSION = YES;
				CLANG_WARN_OBJC_ROOT_CLASS = YES_ERROR;
				CLANG_WARN_UNREACHABLE_CODE = YES;
				CLANG_WARN__DUPLICATE_METHOD_MATCH = YES;
				"CODE_SIGN_IDENTITY[sdk=iphoneos*]" = "iPhone Developer";
				COPY_PHASE_STRIP = NO;
				DEBUG_INFORMATION_FORMAT = "dwarf-with-dsym";
				ENABLE_NS_ASSERTIONS = NO;
				ENABLE_STRICT_OBJC_MSGSEND = YES;
				GCC_C_LANGUAGE_STANDARD = gnu99;
				GCC_NO_COMMON_BLOCKS = YES;
				GCC_WARN_64_TO_32_BIT_CONVERSION = YES;
				GCC_WARN_ABOUT_RETURN_TYPE = YES_ERROR;
				GCC_WARN_UNDECLARED_SELECTOR = YES;
				GCC_WARN_UNINITIALIZED_AUTOS = YES_AGGRESSIVE;
				GCC_WARN_UNUSED_FUNCTION = YES;
				GCC_WARN_UNUSED_VARIABLE = YES;
				IPHONEOS_DEPLOYMENT_TARGET = 9.3;
				MTL_ENABLE_DEBUG_INFO = NO;
				SDKROOT = iphoneos;
				TARGETED_DEVICE_FAMILY = "1,2";
				VALIDATE_PRODUCT = YES;
			};
			name = Release;
		};
		2806BBE31D47416D00682415 /* Debug */ = {
			isa = XCBuildConfiguration;
			buildSettings = {
				ASSETCATALOG_COMPILER_APPICON_NAME = AppIcon;
				INFOPLIST_FILE = "地址选择/Info.plist";
				LD_RUNPATH_SEARCH_PATHS = "$(inherited) @executable_path/Frameworks";
				PRODUCT_BUNDLE_IDENTIFIER = "BlueMobi.----";
				PRODUCT_NAME = "$(TARGET_NAME)";
			};
			name = Debug;
		};
		2806BBE41D47416D00682415 /* Release */ = {
			isa = XCBuildConfiguration;
			buildSettings = {
				ASSETCATALOG_COMPILER_APPICON_NAME = AppIcon;
				INFOPLIST_FILE = "地址选择/Info.plist";
				LD_RUNPATH_SEARCH_PATHS = "$(inherited) @executable_path/Frameworks";
				PRODUCT_BUNDLE_IDENTIFIER = "BlueMobi.----";
				PRODUCT_NAME = "$(TARGET_NAME)";
			};
			name = Release;
		};
		2806BBE61D47416D00682415 /* Debug */ = {
			isa = XCBuildConfiguration;
			buildSettings = {
				BUNDLE_LOADER = "$(TEST_HOST)";
				INFOPLIST_FILE = "地址选择Tests/Info.plist";
				LD_RUNPATH_SEARCH_PATHS = "$(inherited) @executable_path/Frameworks @loader_path/Frameworks";
				PRODUCT_BUNDLE_IDENTIFIER = "BlueMobi.----Tests";
				PRODUCT_NAME = "$(TARGET_NAME)";
				TEST_HOST = "$(BUILT_PRODUCTS_DIR)/地址选择.app/地址选择";
			};
			name = Debug;
		};
		2806BBE71D47416D00682415 /* Release */ = {
			isa = XCBuildConfiguration;
			buildSettings = {
				BUNDLE_LOADER = "$(TEST_HOST)";
				INFOPLIST_FILE = "地址选择Tests/Info.plist";
				LD_RUNPATH_SEARCH_PATHS = "$(inherited) @executable_path/Frameworks @loader_path/Frameworks";
				PRODUCT_BUNDLE_IDENTIFIER = "BlueMobi.----Tests";
				PRODUCT_NAME = "$(TARGET_NAME)";
				TEST_HOST = "$(BUILT_PRODUCTS_DIR)/地址选择.app/地址选择";
			};
			name = Release;
		};
		2806BBE91D47416D00682415 /* Debug */ = {
			isa = XCBuildConfiguration;
			buildSettings = {
				INFOPLIST_FILE = "地址选择UITests/Info.plist";
				LD_RUNPATH_SEARCH_PATHS = "$(inherited) @executable_path/Frameworks @loader_path/Frameworks";
				PRODUCT_BUNDLE_IDENTIFIER = "BlueMobi.----UITests";
				PRODUCT_NAME = "$(TARGET_NAME)";
				TEST_TARGET_NAME = "地址选择";
			};
			name = Debug;
		};
		2806BBEA1D47416D00682415 /* Release */ = {
			isa = XCBuildConfiguration;
			buildSettings = {
				INFOPLIST_FILE = "地址选择UITests/Info.plist";
				LD_RUNPATH_SEARCH_PATHS = "$(inherited) @executable_path/Frameworks @loader_path/Frameworks";
				PRODUCT_BUNDLE_IDENTIFIER = "BlueMobi.----UITests";
				PRODUCT_NAME = "$(TARGET_NAME)";
				TEST_TARGET_NAME = "地址选择";
			};
			name = Release;
		};
/* End XCBuildConfiguration section */

/* Begin XCConfigurationList section */
		2806BBB01D47416D00682415 /* Build configuration list for PBXProject "地址选择" */ = {
			isa = XCConfigurationList;
			buildConfigurations = (
				2806BBE01D47416D00682415 /* Debug */,
				2806BBE11D47416D00682415 /* Release */,
			);
			defaultConfigurationIsVisible = 0;
			defaultConfigurationName = Release;
		};
		2806BBE21D47416D00682415 /* Build configuration list for PBXNativeTarget "地址选择" */ = {
			isa = XCConfigurationList;
			buildConfigurations = (
				2806BBE31D47416D00682415 /* Debug */,
				2806BBE41D47416D00682415 /* Release */,
			);
			defaultConfigurationIsVisible = 0;
		};
		2806BBE51D47416D00682415 /* Build configuration list for PBXNativeTarget "地址选择Tests" */ = {
			isa = XCConfigurationList;
			buildConfigurations = (
				2806BBE61D47416D00682415 /* Debug */,
				2806BBE71D47416D00682415 /* Release */,
			);
			defaultConfigurationIsVisible = 0;
		};
		2806BBE81D47416D00682415 /* Build configuration list for PBXNativeTarget "地址选择UITests" */ = {
			isa = XCConfigurationList;
			buildConfigurations = (
				2806BBE91D47416D00682415 /* Debug */,
				2806BBEA1D47416D00682415 /* Release */,
			);
			defaultConfigurationIsVisible = 0;
		};
/* End XCConfigurationList section */
	};
	rootObject = 2806BBAD1D47416D00682415 /* Project object */;
}
